
Microsoft Visual Studio Solution File, Format Version 12.00
# Visual Studio Version 17
VisualStudioVersion = 17.10.34928.147
MinimumVisualStudioVersion = 10.0.40219.1
Project("{888888A0-9F3D-457C-B088-3A5042F75D52}") = "Quiz Game", "Quiz Game.pyproj", "{FB134CDF-5108-4928-99AA-61985DA2E21E}"
EndProject
Global
	GlobalSection(SolutionConfigurationPlatforms) = preSolution
		Debug|Any CPU = Debug|Any CPU
		Release|Any CPU = Release|Any CPU
	EndGlobalSection
	GlobalSection(ProjectConfigurationPlatforms) = postSolution
		{FB134CDF-5108-4928-99AA-61985DA2E21E}.Debug|Any CPU.ActiveCfg = Debug|Any CPU
		{FB134CDF-5108-4928-99AA-61985DA2E21E}.Release|Any CPU.ActiveCfg = Release|Any CPU
	EndGlobalSection
	GlobalSection(SolutionProperties) = preSolution
		HideSolutionNode = FALSE
	EndGlobalSection
	GlobalSection(ExtensibilityGlobals) = postSolution
		SolutionGuid = {785CAF17-F59E-41DC-89F5-65F5CF37FC92}
	EndGlobalSection
EndGlobal
